
Microsoft Visual Studio Solution File, Format Version 12.00
# Visual Studio 14
VisualStudioVersion = 14.0.24720.0
MinimumVisualStudioVersion = 10.0.40219.1
Project("{FAE04EC0-301F-11D3-BF4B-00C04F79EFBC}") = "DeadByDaylightBackup", "DeadByDaylightBackup\DeadByDaylightBackup.csproj", "{9517A2C0-67CD-489D-9422-1749F124A59D}"
EndProject
Project("{2150E333-8FDC-42A3-9474-1A3956D46DE8}") = "Releases", "Releases", "{0E1CA43C-2C73-4CBF-8F42-090842AAB944}"
	ProjectSection(SolutionItems) = preProject
		Releases\DeadByDaylightBackupV1000.zip = Releases\DeadByDaylightBackupV1000.zip
		Releases\DeadByDaylightBackupV1010.zip = Releases\DeadByDaylightBackupV1010.zip
		Releases\DeadByDaylightBackupV1020.zip = Releases\DeadByDaylightBackupV1020.zip
		Releases\DeadByDaylightBackupV1021.zip = Releases\DeadByDaylightBackupV1021.zip
	EndProjectSection
EndProject
Project("{2150E333-8FDC-42A3-9474-1A3956D46DE8}") = "Git", "Git", "{6B9A2025-8217-49CD-8AE2-40DE85943F1A}"
	ProjectSection(SolutionItems) = preProject
		.gitignore = .gitignore
		LICENSE = LICENSE
		README.md = README.md
	EndProjectSection
EndProject
Project("{2150E333-8FDC-42A3-9474-1A3956D46DE8}") = "Business", "Business", "{789945F0-DA88-4765-A368-F177A1FE420C}"
EndProject
Project("{FAE04EC0-301F-11D3-BF4B-00C04F79EFBC}") = "DeadByDaylightBackup.Business", "DeadByDaylightBackup.Business\DeadByDaylightBackup.Business.csproj", "{BB5E4E3A-8036-4C82-B1DC-82D97C2ED30D}"
EndProject
Project("{FAE04EC0-301F-11D3-BF4B-00C04F79EFBC}") = "DeadByDaylightBackup.Logging", "DeadByDaylightBackup.Logging\DeadByDaylightBackup.Logging.csproj", "{CBB0CB05-13AD-45D2-B634-424324A7A2DA}"
EndProject
Project("{2150E333-8FDC-42A3-9474-1A3956D46DE8}") = "Logging", "Logging", "{7AB86188-8939-4222-9410-E194E425FBC2}"
EndProject
Project("{FAE04EC0-301F-11D3-BF4B-00C04F79EFBC}") = "NLog", "Logging\NLog\NLog.csproj", "{801025BB-6FB4-43E1-A46F-4735A83DB950}"
EndProject
Project("{2150E333-8FDC-42A3-9474-1A3956D46DE8}") = "Version", "Version", "{1F35D149-7A58-4039-ABDD-6A68F335635D}"
EndProject
Project("{FAE04EC0-301F-11D3-BF4B-00C04F79EFBC}") = "SimpleFile", "Logging\SimpleFile\SimpleFile.csproj", "{34BFB824-966F-420F-8381-26C1CCFA3F4E}"
EndProject
Project("{FAE04EC0-301F-11D3-BF4B-00C04F79EFBC}") = "DeadByDaylightBackup.Version", "DeadByDaylightBackup.Version\DeadByDaylightBackup.Version.csproj", "{9572BA24-829D-4813-8DD3-F05E44DE2BFB}"
EndProject
Global
	GlobalSection(SolutionConfigurationPlatforms) = preSolution
		Debug|Any CPU = Debug|Any CPU
		Release|Any CPU = Release|Any CPU
	EndGlobalSection
	GlobalSection(ProjectConfigurationPlatforms) = postSolution
		{9517A2C0-67CD-489D-9422-1749F124A59D}.Debug|Any CPU.ActiveCfg = Debug|Any CPU
		{9517A2C0-67CD-489D-9422-1749F124A59D}.Debug|Any CPU.Build.0 = Debug|Any CPU
		{9517A2C0-67CD-489D-9422-1749F124A59D}.Release|Any CPU.ActiveCfg = Release|Any CPU
		{9517A2C0-67CD-489D-9422-1749F124A59D}.Release|Any CPU.Build.0 = Release|Any CPU
		{BB5E4E3A-8036-4C82-B1DC-82D97C2ED30D}.Debug|Any CPU.ActiveCfg = Debug|Any CPU
		{BB5E4E3A-8036-4C82-B1DC-82D97C2ED30D}.Debug|Any CPU.Build.0 = Debug|Any CPU
		{BB5E4E3A-8036-4C82-B1DC-82D97C2ED30D}.Release|Any CPU.ActiveCfg = Release|Any CPU
		{BB5E4E3A-8036-4C82-B1DC-82D97C2ED30D}.Release|Any CPU.Build.0 = Release|Any CPU
		{CBB0CB05-13AD-45D2-B634-424324A7A2DA}.Debug|Any CPU.ActiveCfg = Debug|Any CPU
		{CBB0CB05-13AD-45D2-B634-424324A7A2DA}.Debug|Any CPU.Build.0 = Debug|Any CPU
		{CBB0CB05-13AD-45D2-B634-424324A7A2DA}.Release|Any CPU.ActiveCfg = Release|Any CPU
		{CBB0CB05-13AD-45D2-B634-424324A7A2DA}.Release|Any CPU.Build.0 = Release|Any CPU
		{801025BB-6FB4-43E1-A46F-4735A83DB950}.Debug|Any CPU.ActiveCfg = Debug|Any CPU
		{801025BB-6FB4-43E1-A46F-4735A83DB950}.Debug|Any CPU.Build.0 = Debug|Any CPU
		{801025BB-6FB4-43E1-A46F-4735A83DB950}.Release|Any CPU.ActiveCfg = Release|Any CPU
		{801025BB-6FB4-43E1-A46F-4735A83DB950}.Release|Any CPU.Build.0 = Release|Any CPU
		{34BFB824-966F-420F-8381-26C1CCFA3F4E}.Debug|Any CPU.ActiveCfg = Debug|Any CPU
		{34BFB824-966F-420F-8381-26C1CCFA3F4E}.Debug|Any CPU.Build.0 = Debug|Any CPU
		{34BFB824-966F-420F-8381-26C1CCFA3F4E}.Release|Any CPU.ActiveCfg = Release|Any CPU
		{34BFB824-966F-420F-8381-26C1CCFA3F4E}.Release|Any CPU.Build.0 = Release|Any CPU
		{9572BA24-829D-4813-8DD3-F05E44DE2BFB}.Debug|Any CPU.ActiveCfg = Debug|Any CPU
		{9572BA24-829D-4813-8DD3-F05E44DE2BFB}.Debug|Any CPU.Build.0 = Debug|Any CPU
		{9572BA24-829D-4813-8DD3-F05E44DE2BFB}.Release|Any CPU.ActiveCfg = Release|Any CPU
		{9572BA24-829D-4813-8DD3-F05E44DE2BFB}.Release|Any CPU.Build.0 = Release|Any CPU
	EndGlobalSection
	GlobalSection(SolutionProperties) = preSolution
		HideSolutionNode = FALSE
	EndGlobalSection
	GlobalSection(NestedProjects) = preSolution
		{BB5E4E3A-8036-4C82-B1DC-82D97C2ED30D} = {789945F0-DA88-4765-A368-F177A1FE420C}
		{CBB0CB05-13AD-45D2-B634-424324A7A2DA} = {789945F0-DA88-4765-A368-F177A1FE420C}
		{7AB86188-8939-4222-9410-E194E425FBC2} = {789945F0-DA88-4765-A368-F177A1FE420C}
		{801025BB-6FB4-43E1-A46F-4735A83DB950} = {7AB86188-8939-4222-9410-E194E425FBC2}
		{34BFB824-966F-420F-8381-26C1CCFA3F4E} = {7AB86188-8939-4222-9410-E194E425FBC2}
		{9572BA24-829D-4813-8DD3-F05E44DE2BFB} = {1F35D149-7A58-4039-ABDD-6A68F335635D}
	EndGlobalSection
EndGlobal
