
Microsoft Visual Studio Solution File, Format Version 12.00
# Visual Studio 14
VisualStudioVersion = 14.0.24720.0
MinimumVisualStudioVersion = 10.0.40219.1
Project("{FAE04EC0-301F-11D3-BF4B-00C04F79EFBC}") = "DeadByDaylightBackup", "DeadByDaylightBackup\DeadByDaylightBackup.csproj", "{9517A2C0-67CD-489D-9422-1749F124A59D}"
EndProject
Project("{2150E333-8FDC-42A3-9474-1A3956D46DE8}") = "Releases", "Releases", "{0E1CA43C-2C73-4CBF-8F42-090842AAB944}"
	ProjectSection(SolutionItems) = preProject
		Releases\DeadByDaylightBackupV1000.zip = Releases\DeadByDaylightBackupV1000.zip
	EndProjectSection
EndProject
Project("{2150E333-8FDC-42A3-9474-1A3956D46DE8}") = "Git", "Git", "{6B9A2025-8217-49CD-8AE2-40DE85943F1A}"
	ProjectSection(SolutionItems) = preProject
		.gitignore = .gitignore
		LICENSE = LICENSE
		README.md = README.md
	EndProjectSection
EndProject
Global
	GlobalSection(SolutionConfigurationPlatforms) = preSolution
		Debug|Any CPU = Debug|Any CPU
		Release|Any CPU = Release|Any CPU
	EndGlobalSection
	GlobalSection(ProjectConfigurationPlatforms) = postSolution
		{9517A2C0-67CD-489D-9422-1749F124A59D}.Debug|Any CPU.ActiveCfg = Debug|Any CPU
		{9517A2C0-67CD-489D-9422-1749F124A59D}.Debug|Any CPU.Build.0 = Debug|Any CPU
		{9517A2C0-67CD-489D-9422-1749F124A59D}.Release|Any CPU.ActiveCfg = Release|Any CPU
		{9517A2C0-67CD-489D-9422-1749F124A59D}.Release|Any CPU.Build.0 = Release|Any CPU
	EndGlobalSection
	GlobalSection(SolutionProperties) = preSolution
		HideSolutionNode = FALSE
	EndGlobalSection
EndGlobal
